// !$*UTF8*$!
{
	archiveVersion = 1;
	classes = {
	};
	objectVersion = 46;
	objects = {

/* Begin PBXBuildFile section */
		FAADBC0A14A9CE5900095399 /* UIKit.framework in Frameworks */ = {isa = PBXBuildFile; fileRef = FAADBC0914A9CE5900095399 /* UIKit.framework */; };
		FAADBC0C14A9CE5900095399 /* Foundation.framework in Frameworks */ = {isa = PBXBuildFile; fileRef = FAADBC0B14A9CE5900095399 /* Foundation.framework */; };
		FAADBC0E14A9CE5900095399 /* CoreGraphics.framework in Frameworks */ = {isa = PBXBuildFile; fileRef = FAADBC0D14A9CE5900095399 /* CoreGraphics.framework */; };
		FAADBC1414A9CE5900095399 /* InfoPlist.strings in Resources */ = {isa = PBXBuildFile; fileRef = FAADBC1214A9CE5900095399 /* InfoPlist.strings */; };
		FAADBC1614A9CE5900095399 /* main.m in Sources */ = {isa = PBXBuildFile; fileRef = FAADBC1514A9CE5900095399 /* main.m */; };
		FAADBC1A14A9CE5900095399 /* AppDelegate.m in Sources */ = {isa = PBXBuildFile; fileRef = FAADBC1914A9CE5900095399 /* AppDelegate.m */; };
		FAADBC2714A9CE8A00095399 /* RootViewController.m in Sources */ = {isa = PBXBuildFile; fileRef = FAADBC2514A9CE8A00095399 /* RootViewController.m */; };
		FAADBC2814A9CE8A00095399 /* RootViewController.xib in Resources */ = {isa = PBXBuildFile; fileRef = FAADBC2614A9CE8A00095399 /* RootViewController.xib */; };
		FAADBC2D14A9CE9400095399 /* SecondViewController.m in Sources */ = {isa = PBXBuildFile; fileRef = FAADBC2B14A9CE9400095399 /* SecondViewController.m */; };
		FAADBC2E14A9CE9400095399 /* SecondViewController.xib in Resources */ = {isa = PBXBuildFile; fileRef = FAADBC2C14A9CE9400095399 /* SecondViewController.xib */; };
		FAADBC3214A9CE9D00095399 /* ThirdViewController.m in Sources */ = {isa = PBXBuildFile; fileRef = FAADBC3014A9CE9D00095399 /* ThirdViewController.m */; };
		FAADBC3314A9CE9D00095399 /* ThirdViewController.xib in Resources */ = {isa = PBXBuildFile; fileRef = FAADBC3114A9CE9D00095399 /* ThirdViewController.xib */; };
/* End PBXBuildFile section */

/* Begin PBXFileReference section */
		FAADBC0514A9CE5900095399 /* NavApp.app */ = {isa = PBXFileReference; explicitFileType = wrapper.application; includeInIndex = 0; path = NavApp.app; sourceTree = BUILT_PRODUCTS_DIR; };
		FAADBC0914A9CE5900095399 /* UIKit.framework */ = {isa = PBXFileReference; lastKnownFileType = wrapper.framework; name = UIKit.framework; path = System/Library/Frameworks/UIKit.framework; sourceTree = SDKROOT; };
		FAADBC0B14A9CE5900095399 /* Foundation.framework */ = {isa = PBXFileReference; lastKnownFileType = wrapper.framework; name = Foundation.framework; path = System/Library/Frameworks/Foundation.framework; sourceTree = SDKROOT; };
		FAADBC0D14A9CE5900095399 /* CoreGraphics.framework */ = {isa = PBXFileReference; lastKnownFileType = wrapper.framework; name = CoreGraphics.framework; path = System/Library/Frameworks/CoreGraphics.framework; sourceTree = SDKROOT; };
		FAADBC1114A9CE5900095399 /* NavApp-Info.plist */ = {isa = PBXFileReference; lastKnownFileType = text.plist.xml; path = "NavApp-Info.plist"; sourceTree = "<group>"; };
		FAADBC1314A9CE5900095399 /* en */ = {isa = PBXFileReference; lastKnownFileType = text.plist.strings; name = en; path = en.lproj/InfoPlist.strings; sourceTree = "<group>"; };
		FAADBC1514A9CE5900095399 /* main.m */ = {isa = PBXFileReference; lastKnownFileType = sourcecode.c.objc; path = main.m; sourceTree = "<group>"; };
		FAADBC1714A9CE5900095399 /* NavApp-Prefix.pch */ = {isa = PBXFileReference; lastKnownFileType = sourcecode.c.h; path = "NavApp-Prefix.pch"; sourceTree = "<group>"; };
		FAADBC1814A9CE5900095399 /* AppDelegate.h */ = {isa = PBXFileReference; lastKnownFileType = sourcecode.c.h; path = AppDelegate.h; sourceTree = "<group>"; };
		FAADBC1914A9CE5900095399 /* AppDelegate.m */ = {isa = PBXFileReference; lastKnownFileType = sourcecode.c.objc; path = AppDelegate.m; sourceTree = "<group>"; };
		FAADBC2414A9CE8A00095399 /* RootViewController.h */ = {isa = PBXFileReference; fileEncoding = 4; lastKnownFileType = sourcecode.c.h; path = RootViewController.h; sourceTree = "<group>"; };
		FAADBC2514A9CE8A00095399 /* RootViewController.m */ = {isa = PBXFileReference; fileEncoding = 4; lastKnownFileType = sourcecode.c.objc; path = RootViewController.m; sourceTree = "<group>"; };
		FAADBC2614A9CE8A00095399 /* RootViewController.xib */ = {isa = PBXFileReference; fileEncoding = 4; lastKnownFileType = file.xib; path = RootViewController.xib; sourceTree = "<group>"; };
		FAADBC2A14A9CE9400095399 /* SecondViewController.h */ = {isa = PBXFileReference; fileEncoding = 4; lastKnownFileType = sourcecode.c.h; path = SecondViewController.h; sourceTree = "<group>"; };
		FAADBC2B14A9CE9400095399 /* SecondViewController.m */ = {isa = PBXFileReference; fileEncoding = 4; lastKnownFileType = sourcecode.c.objc; path = SecondViewController.m; sourceTree = "<group>"; };
		FAADBC2C14A9CE9400095399 /* SecondViewController.xib */ = {isa = PBXFileReference; fileEncoding = 4; lastKnownFileType = file.xib; path = SecondViewController.xib; sourceTree = "<group>"; };
		FAADBC2F14A9CE9D00095399 /* ThirdViewController.h */ = {isa = PBXFileReference; fileEncoding = 4; lastKnownFileType = sourcecode.c.h; path = ThirdViewController.h; sourceTree = "<group>"; };
		FAADBC3014A9CE9D00095399 /* ThirdViewController.m */ = {isa = PBXFileReference; fileEncoding = 4; lastKnownFileType = sourcecode.c.objc; path = ThirdViewController.m; sourceTree = "<group>"; };
		FAADBC3114A9CE9D00095399 /* ThirdViewController.xib */ = {isa = PBXFileReference; fileEncoding = 4; lastKnownFileType = file.xib; path = ThirdViewController.xib; sourceTree = "<group>"; };
/* End PBXFileReference section */

/* Begin PBXFrameworksBuildPhase section */
		FAADBC0214A9CE5900095399 /* Frameworks */ = {
			isa = PBXFrameworksBuildPhase;
			buildActionMask = 2147483647;
			files = (
				FAADBC0A14A9CE5900095399 /* UIKit.framework in Frameworks */,
				FAADBC0C14A9CE5900095399 /* Foundation.framework in Frameworks */,
				FAADBC0E14A9CE5900095399 /* CoreGraphics.framework in Frameworks */,
			);
			runOnlyForDeploymentPostprocessing = 0;
		};
/* End PBXFrameworksBuildPhase section */

/* Begin PBXGroup section */
		FAADBBFA14A9CE5900095399 = {
			isa = PBXGroup;
			children = (
				FAADBC0F14A9CE5900095399 /* NavApp */,
				FAADBC0814A9CE5900095399 /* Frameworks */,
				FAADBC0614A9CE5900095399 /* Products */,
			);
			sourceTree = "<group>";
		};
		FAADBC0614A9CE5900095399 /* Products */ = {
			isa = PBXGroup;
			children = (
				FAADBC0514A9CE5900095399 /* NavApp.app */,
			);
			name = Products;
			sourceTree = "<group>";
		};
		FAADBC0814A9CE5900095399 /* Frameworks */ = {
			isa = PBXGroup;
			children = (
				FAADBC0914A9CE5900095399 /* UIKit.framework */,
				FAADBC0B14A9CE5900095399 /* Foundation.framework */,
				FAADBC0D14A9CE5900095399 /* CoreGraphics.framework */,
			);
			name = Frameworks;
			sourceTree = "<group>";
		};
		FAADBC0F14A9CE5900095399 /* NavApp */ = {
			isa = PBXGroup;
			children = (
				FAADBC1814A9CE5900095399 /* AppDelegate.h */,
				FAADBC1914A9CE5900095399 /* AppDelegate.m */,
				FAADBC2F14A9CE9D00095399 /* ThirdViewController.h */,
				FAADBC3014A9CE9D00095399 /* ThirdViewController.m */,
				FAADBC3114A9CE9D00095399 /* ThirdViewController.xib */,
				FAADBC2A14A9CE9400095399 /* SecondViewController.h */,
				FAADBC2B14A9CE9400095399 /* SecondViewController.m */,
				FAADBC2C14A9CE9400095399 /* SecondViewController.xib */,
				FAADBC2414A9CE8A00095399 /* RootViewController.h */,
				FAADBC2514A9CE8A00095399 /* RootViewController.m */,
				FAADBC2614A9CE8A00095399 /* RootViewController.xib */,
				FAADBC1014A9CE5900095399 /* Supporting Files */,
			);
			path = NavApp;
			sourceTree = "<group>";
		};
		FAADBC1014A9CE5900095399 /* Supporting Files */ = {
			isa = PBXGroup;
			children = (
				FAADBC1114A9CE5900095399 /* NavApp-Info.plist */,
				FAADBC1214A9CE5900095399 /* InfoPlist.strings */,
				FAADBC1514A9CE5900095399 /* main.m */,
				FAADBC1714A9CE5900095399 /* NavApp-Prefix.pch */,
			);
			name = "Supporting Files";
			sourceTree = "<group>";
		};
/* End PBXGroup section */

/* Begin PBXNativeTarget section */
		FAADBC0414A9CE5900095399 /* NavApp */ = {
			isa = PBXNativeTarget;
			buildConfigurationList = FAADBC1D14A9CE5900095399 /* Build configuration list for PBXNativeTarget "NavApp" */;
			buildPhases = (
				FAADBC0114A9CE5900095399 /* Sources */,
				FAADBC0214A9CE5900095399 /* Frameworks */,
				FAADBC0314A9CE5900095399 /* Resources */,
			);
			buildRules = (
			);
			dependencies = (
			);
			name = NavApp;
			productName = NavApp;
			productReference = FAADBC0514A9CE5900095399 /* NavApp.app */;
			productType = "com.apple.product-type.application";
		};
/* End PBXNativeTarget section */

/* Begin PBXProject section */
		FAADBBFC14A9CE5900095399 /* Project object */ = {
			isa = PBXProject;
			attributes = {
				LastUpgradeCheck = 0420;
			};
			buildConfigurationList = FAADBBFF14A9CE5900095399 /* Build configuration list for PBXProject "NavApp" */;
			compatibilityVersion = "Xcode 3.2";
			developmentRegion = English;
			hasScannedForEncodings = 0;
			knownRegions = (
				en,
			);
			mainGroup = FAADBBFA14A9CE5900095399;
			productRefGroup = FAADBC0614A9CE5900095399 /* Products */;
			projectDirPath = "";
			projectRoot = "";
			targets = (
				FAADBC0414A9CE5900095399 /* NavApp */,
			);
		};
/* End PBXProject section */

/* Begin PBXResourcesBuildPhase section */
		FAADBC0314A9CE5900095399 /* Resources */ = {
			isa = PBXResourcesBuildPhase;
			buildActionMask = 2147483647;
			files = (
				FAADBC1414A9CE5900095399 /* InfoPlist.strings in Resources */,
				FAADBC2814A9CE8A00095399 /* RootViewController.xib in Resources */,
				FAADBC2E14A9CE9400095399 /* SecondViewController.xib in Resources */,
				FAADBC3314A9CE9D00095399 /* ThirdViewController.xib in Resources */,
			);
			runOnlyForDeploymentPostprocessing = 0;
		};
/* End PBXResourcesBuildPhase section */

/* Begin PBXSourcesBuildPhase section */
		FAADBC0114A9CE5900095399 /* Sources */ = {
			isa = PBXSourcesBuildPhase;
			buildActionMask = 2147483647;
			files = (
				FAADBC1614A9CE5900095399 /* main.m in Sources */,
				FAADBC1A14A9CE5900095399 /* AppDelegate.m in Sources */,
				FAADBC2714A9CE8A00095399 /* RootViewController.m in Sources */,
				FAADBC2D14A9CE9400095399 /* SecondViewController.m in Sources */,
				FAADBC3214A9CE9D00095399 /* ThirdViewController.m in Sources */,
			);
			runOnlyForDeploymentPostprocessing = 0;
		};
/* End PBXSourcesBuildPhase section */

/* Begin PBXVariantGroup section */
		FAADBC1214A9CE5900095399 /* InfoPlist.strings */ = {
			isa = PBXVariantGroup;
			children = (
				FAADBC1314A9CE5900095399 /* en */,
			);
			name = InfoPlist.strings;
			sourceTree = "<group>";
		};
/* End PBXVariantGroup section */

/* Begin XCBuildConfiguration section */
		FAADBC1B14A9CE5900095399 /* Debug */ = {
			isa = XCBuildConfiguration;
			buildSettings = {
				ALWAYS_SEARCH_USER_PATHS = NO;
				ARCHS = "$(ARCHS_STANDARD_32_BIT)";
				"CODE_SIGN_IDENTITY[sdk=iphoneos*]" = "iPhone Developer";
				COPY_PHASE_STRIP = NO;
				GCC_C_LANGUAGE_STANDARD = gnu99;
				GCC_DYNAMIC_NO_PIC = NO;
				GCC_OPTIMIZATION_LEVEL = 0;
				GCC_PREPROCESSOR_DEFINITIONS = (
					"DEBUG=1",
					"$(inherited)",
				);
				GCC_SYMBOLS_PRIVATE_EXTERN = NO;
				GCC_VERSION = com.apple.compilers.llvm.clang.1_0;
				GCC_WARN_ABOUT_MISSING_PROTOTYPES = YES;
				GCC_WARN_ABOUT_RETURN_TYPE = YES;
				GCC_WARN_UNUSED_VARIABLE = YES;
				IPHONEOS_DEPLOYMENT_TARGET = 5.0;
				SDKROOT = iphoneos;
				TARGETED_DEVICE_FAMILY = "1,2";
			};
			name = Debug;
		};
		FAADBC1C14A9CE5900095399 /* Release */ = {
			isa = XCBuildConfiguration;
			buildSettings = {
				ALWAYS_SEARCH_USER_PATHS = NO;
				ARCHS = "$(ARCHS_STANDARD_32_BIT)";
				"CODE_SIGN_IDENTITY[sdk=iphoneos*]" = "iPhone Developer";
				COPY_PHASE_STRIP = YES;
				GCC_C_LANGUAGE_STANDARD = gnu99;
				GCC_VERSION = com.apple.compilers.llvm.clang.1_0;
				GCC_WARN_ABOUT_MISSING_PROTOTYPES = YES;
				GCC_WARN_ABOUT_RETURN_TYPE = YES;
				GCC_WARN_UNUSED_VARIABLE = YES;
				IPHONEOS_DEPLOYMENT_TARGET = 5.0;
				OTHER_CFLAGS = "-DNS_BLOCK_ASSERTIONS=1";
				SDKROOT = iphoneos;
				TARGETED_DEVICE_FAMILY = "1,2";
				VALIDATE_PRODUCT = YES;
			};
			name = Release;
		};
		FAADBC1E14A9CE5900095399 /* Debug */ = {
			isa = XCBuildConfiguration;
			buildSettings = {
				GCC_PRECOMPILE_PREFIX_HEADER = YES;
				GCC_PREFIX_HEADER = "NavApp/NavApp-Prefix.pch";
				INFOPLIST_FILE = "NavApp/NavApp-Info.plist";
				PRODUCT_NAME = "$(TARGET_NAME)";
				TARGETED_DEVICE_FAMILY = 1;
				WRAPPER_EXTENSION = app;
			};
			name = Debug;
		};
		FAADBC1F14A9CE5900095399 /* Release */ = {
			isa = XCBuildConfiguration;
			buildSettings = {
				GCC_PRECOMPILE_PREFIX_HEADER = YES;
				GCC_PREFIX_HEADER = "NavApp/NavApp-Prefix.pch";
				INFOPLIST_FILE = "NavApp/NavApp-Info.plist";
				PRODUCT_NAME = "$(TARGET_NAME)";
				TARGETED_DEVICE_FAMILY = 1;
				WRAPPER_EXTENSION = app;
			};
			name = Release;
		};
/* End XCBuildConfiguration section */

/* Begin XCConfigurationList section */
		FAADBBFF14A9CE5900095399 /* Build configuration list for PBXProject "NavApp" */ = {
			isa = XCConfigurationList;
			buildConfigurations = (
				FAADBC1B14A9CE5900095399 /* Debug */,
				FAADBC1C14A9CE5900095399 /* Release */,
			);
			defaultConfigurationIsVisible = 0;
			defaultConfigurationName = Release;
		};
		FAADBC1D14A9CE5900095399 /* Build configuration list for PBXNativeTarget "NavApp" */ = {
			isa = XCConfigurationList;
			buildConfigurations = (
				FAADBC1E14A9CE5900095399 /* Debug */,
				FAADBC1F14A9CE5900095399 /* Release */,
			);
			defaultConfigurationIsVisible = 0;
			defaultConfigurationName = Release;
		};
/* End XCConfigurationList section */
	};
	rootObject = FAADBBFC14A9CE5900095399 /* Project object */;
}
