// !$*UTF8*$!
{
	archiveVersion = 1;
	classes = {
	};
	objectVersion = 46;
	objects = {

/* Begin PBXBuildFile section */
		FAADBBCF14A9CBFD00095399 /* Cocoa.framework in Frameworks */ = {isa = PBXBuildFile; fileRef = FAADBBCE14A9CBFD00095399 /* Cocoa.framework */; };
		FAADBBD914A9CBFD00095399 /* InfoPlist.strings in Resources */ = {isa = PBXBuildFile; fileRef = FAADBBD714A9CBFD00095399 /* InfoPlist.strings */; };
		FAADBBDB14A9CBFD00095399 /* main.m in Sources */ = {isa = PBXBuildFile; fileRef = FAADBBDA14A9CBFD00095399 /* main.m */; };
		FAADBBDF14A9CBFD00095399 /* Credits.rtf in Resources */ = {isa = PBXBuildFile; fileRef = FAADBBDD14A9CBFD00095399 /* Credits.rtf */; };
		FAADBBE214A9CBFD00095399 /* AppDelegate.m in Sources */ = {isa = PBXBuildFile; fileRef = FAADBBE114A9CBFD00095399 /* AppDelegate.m */; };
		FAADBBE514A9CBFE00095399 /* MainMenu.xib in Resources */ = {isa = PBXBuildFile; fileRef = FAADBBE314A9CBFE00095399 /* MainMenu.xib */; };
		FAADBBF514A9CC4F00095399 /* AppController.m in Sources */ = {isa = PBXBuildFile; fileRef = FAADBBF414A9CC4F00095399 /* AppController.m */; };
		FAADBBF914A9CC5700095399 /* TaskModel.m in Sources */ = {isa = PBXBuildFile; fileRef = FAADBBF814A9CC5700095399 /* TaskModel.m */; };
/* End PBXBuildFile section */

/* Begin PBXFileReference section */
		FAADBBCA14A9CBFD00095399 /* BoundTable.app */ = {isa = PBXFileReference; explicitFileType = wrapper.application; includeInIndex = 0; path = BoundTable.app; sourceTree = BUILT_PRODUCTS_DIR; };
		FAADBBCE14A9CBFD00095399 /* Cocoa.framework */ = {isa = PBXFileReference; lastKnownFileType = wrapper.framework; name = Cocoa.framework; path = System/Library/Frameworks/Cocoa.framework; sourceTree = SDKROOT; };
		FAADBBD114A9CBFD00095399 /* AppKit.framework */ = {isa = PBXFileReference; lastKnownFileType = wrapper.framework; name = AppKit.framework; path = System/Library/Frameworks/AppKit.framework; sourceTree = SDKROOT; };
		FAADBBD214A9CBFD00095399 /* CoreData.framework */ = {isa = PBXFileReference; lastKnownFileType = wrapper.framework; name = CoreData.framework; path = System/Library/Frameworks/CoreData.framework; sourceTree = SDKROOT; };
		FAADBBD314A9CBFD00095399 /* Foundation.framework */ = {isa = PBXFileReference; lastKnownFileType = wrapper.framework; name = Foundation.framework; path = System/Library/Frameworks/Foundation.framework; sourceTree = SDKROOT; };
		FAADBBD614A9CBFD00095399 /* BoundTable-Info.plist */ = {isa = PBXFileReference; lastKnownFileType = text.plist.xml; path = "BoundTable-Info.plist"; sourceTree = "<group>"; };
		FAADBBD814A9CBFD00095399 /* en */ = {isa = PBXFileReference; lastKnownFileType = text.plist.strings; name = en; path = en.lproj/InfoPlist.strings; sourceTree = "<group>"; };
		FAADBBDA14A9CBFD00095399 /* main.m */ = {isa = PBXFileReference; lastKnownFileType = sourcecode.c.objc; path = main.m; sourceTree = "<group>"; };
		FAADBBDC14A9CBFD00095399 /* BoundTable-Prefix.pch */ = {isa = PBXFileReference; lastKnownFileType = sourcecode.c.h; path = "BoundTable-Prefix.pch"; sourceTree = "<group>"; };
		FAADBBDE14A9CBFD00095399 /* en */ = {isa = PBXFileReference; lastKnownFileType = text.rtf; name = en; path = en.lproj/Credits.rtf; sourceTree = "<group>"; };
		FAADBBE014A9CBFD00095399 /* AppDelegate.h */ = {isa = PBXFileReference; lastKnownFileType = sourcecode.c.h; path = AppDelegate.h; sourceTree = "<group>"; };
		FAADBBE114A9CBFD00095399 /* AppDelegate.m */ = {isa = PBXFileReference; lastKnownFileType = sourcecode.c.objc; path = AppDelegate.m; sourceTree = "<group>"; };
		FAADBBE414A9CBFE00095399 /* en */ = {isa = PBXFileReference; lastKnownFileType = file.xib; name = en; path = en.lproj/MainMenu.xib; sourceTree = "<group>"; };
		FAADBBF314A9CC4F00095399 /* AppController.h */ = {isa = PBXFileReference; fileEncoding = 4; lastKnownFileType = sourcecode.c.h; path = AppController.h; sourceTree = "<group>"; };
		FAADBBF414A9CC4F00095399 /* AppController.m */ = {isa = PBXFileReference; fileEncoding = 4; lastKnownFileType = sourcecode.c.objc; path = AppController.m; sourceTree = "<group>"; };
		FAADBBF714A9CC5700095399 /* TaskModel.h */ = {isa = PBXFileReference; fileEncoding = 4; lastKnownFileType = sourcecode.c.h; path = TaskModel.h; sourceTree = "<group>"; };
		FAADBBF814A9CC5700095399 /* TaskModel.m */ = {isa = PBXFileReference; fileEncoding = 4; lastKnownFileType = sourcecode.c.objc; path = TaskModel.m; sourceTree = "<group>"; };
/* End PBXFileReference section */

/* Begin PBXFrameworksBuildPhase section */
		FAADBBC714A9CBFD00095399 /* Frameworks */ = {
			isa = PBXFrameworksBuildPhase;
			buildActionMask = 2147483647;
			files = (
				FAADBBCF14A9CBFD00095399 /* Cocoa.framework in Frameworks */,
			);
			runOnlyForDeploymentPostprocessing = 0;
		};
/* End PBXFrameworksBuildPhase section */

/* Begin PBXGroup section */
		FAADBBBF14A9CBFD00095399 = {
			isa = PBXGroup;
			children = (
				FAADBBD414A9CBFD00095399 /* BoundTable */,
				FAADBBCD14A9CBFD00095399 /* Frameworks */,
				FAADBBCB14A9CBFD00095399 /* Products */,
			);
			sourceTree = "<group>";
		};
		FAADBBCB14A9CBFD00095399 /* Products */ = {
			isa = PBXGroup;
			children = (
				FAADBBCA14A9CBFD00095399 /* BoundTable.app */,
			);
			name = Products;
			sourceTree = "<group>";
		};
		FAADBBCD14A9CBFD00095399 /* Frameworks */ = {
			isa = PBXGroup;
			children = (
				FAADBBCE14A9CBFD00095399 /* Cocoa.framework */,
				FAADBBD014A9CBFD00095399 /* Other Frameworks */,
			);
			name = Frameworks;
			sourceTree = "<group>";
		};
		FAADBBD014A9CBFD00095399 /* Other Frameworks */ = {
			isa = PBXGroup;
			children = (
				FAADBBD114A9CBFD00095399 /* AppKit.framework */,
				FAADBBD214A9CBFD00095399 /* CoreData.framework */,
				FAADBBD314A9CBFD00095399 /* Foundation.framework */,
			);
			name = "Other Frameworks";
			sourceTree = "<group>";
		};
		FAADBBD414A9CBFD00095399 /* BoundTable */ = {
			isa = PBXGroup;
			children = (
				FAADBBF714A9CC5700095399 /* TaskModel.h */,
				FAADBBF814A9CC5700095399 /* TaskModel.m */,
				FAADBBF314A9CC4F00095399 /* AppController.h */,
				FAADBBF414A9CC4F00095399 /* AppController.m */,
				FAADBBE014A9CBFD00095399 /* AppDelegate.h */,
				FAADBBE114A9CBFD00095399 /* AppDelegate.m */,
				FAADBBE314A9CBFE00095399 /* MainMenu.xib */,
				FAADBBD514A9CBFD00095399 /* Supporting Files */,
			);
			path = BoundTable;
			sourceTree = "<group>";
		};
		FAADBBD514A9CBFD00095399 /* Supporting Files */ = {
			isa = PBXGroup;
			children = (
				FAADBBD614A9CBFD00095399 /* BoundTable-Info.plist */,
				FAADBBD714A9CBFD00095399 /* InfoPlist.strings */,
				FAADBBDA14A9CBFD00095399 /* main.m */,
				FAADBBDC14A9CBFD00095399 /* BoundTable-Prefix.pch */,
				FAADBBDD14A9CBFD00095399 /* Credits.rtf */,
			);
			name = "Supporting Files";
			sourceTree = "<group>";
		};
/* End PBXGroup section */

/* Begin PBXNativeTarget section */
		FAADBBC914A9CBFD00095399 /* BoundTable */ = {
			isa = PBXNativeTarget;
			buildConfigurationList = FAADBBE814A9CBFE00095399 /* Build configuration list for PBXNativeTarget "BoundTable" */;
			buildPhases = (
				FAADBBC614A9CBFD00095399 /* Sources */,
				FAADBBC714A9CBFD00095399 /* Frameworks */,
				FAADBBC814A9CBFD00095399 /* Resources */,
			);
			buildRules = (
			);
			dependencies = (
			);
			name = BoundTable;
			productName = BoundTable;
			productReference = FAADBBCA14A9CBFD00095399 /* BoundTable.app */;
			productType = "com.apple.product-type.application";
		};
/* End PBXNativeTarget section */

/* Begin PBXProject section */
		FAADBBC114A9CBFD00095399 /* Project object */ = {
			isa = PBXProject;
			attributes = {
				LastUpgradeCheck = 0420;
			};
			buildConfigurationList = FAADBBC414A9CBFD00095399 /* Build configuration list for PBXProject "BoundTable" */;
			compatibilityVersion = "Xcode 3.2";
			developmentRegion = English;
			hasScannedForEncodings = 0;
			knownRegions = (
				en,
			);
			mainGroup = FAADBBBF14A9CBFD00095399;
			productRefGroup = FAADBBCB14A9CBFD00095399 /* Products */;
			projectDirPath = "";
			projectRoot = "";
			targets = (
				FAADBBC914A9CBFD00095399 /* BoundTable */,
			);
		};
/* End PBXProject section */

/* Begin PBXResourcesBuildPhase section */
		FAADBBC814A9CBFD00095399 /* Resources */ = {
			isa = PBXResourcesBuildPhase;
			buildActionMask = 2147483647;
			files = (
				FAADBBD914A9CBFD00095399 /* InfoPlist.strings in Resources */,
				FAADBBDF14A9CBFD00095399 /* Credits.rtf in Resources */,
				FAADBBE514A9CBFE00095399 /* MainMenu.xib in Resources */,
			);
			runOnlyForDeploymentPostprocessing = 0;
		};
/* End PBXResourcesBuildPhase section */

/* Begin PBXSourcesBuildPhase section */
		FAADBBC614A9CBFD00095399 /* Sources */ = {
			isa = PBXSourcesBuildPhase;
			buildActionMask = 2147483647;
			files = (
				FAADBBDB14A9CBFD00095399 /* main.m in Sources */,
				FAADBBE214A9CBFD00095399 /* AppDelegate.m in Sources */,
				FAADBBF514A9CC4F00095399 /* AppController.m in Sources */,
				FAADBBF914A9CC5700095399 /* TaskModel.m in Sources */,
			);
			runOnlyForDeploymentPostprocessing = 0;
		};
/* End PBXSourcesBuildPhase section */

/* Begin PBXVariantGroup section */
		FAADBBD714A9CBFD00095399 /* InfoPlist.strings */ = {
			isa = PBXVariantGroup;
			children = (
				FAADBBD814A9CBFD00095399 /* en */,
			);
			name = InfoPlist.strings;
			sourceTree = "<group>";
		};
		FAADBBDD14A9CBFD00095399 /* Credits.rtf */ = {
			isa = PBXVariantGroup;
			children = (
				FAADBBDE14A9CBFD00095399 /* en */,
			);
			name = Credits.rtf;
			sourceTree = "<group>";
		};
		FAADBBE314A9CBFE00095399 /* MainMenu.xib */ = {
			isa = PBXVariantGroup;
			children = (
				FAADBBE414A9CBFE00095399 /* en */,
			);
			name = MainMenu.xib;
			sourceTree = "<group>";
		};
/* End PBXVariantGroup section */

/* Begin XCBuildConfiguration section */
		FAADBBE614A9CBFE00095399 /* Debug */ = {
			isa = XCBuildConfiguration;
			buildSettings = {
				ALWAYS_SEARCH_USER_PATHS = NO;
				ARCHS = "$(ARCHS_STANDARD_64_BIT)";
				COPY_PHASE_STRIP = NO;
				GCC_C_LANGUAGE_STANDARD = gnu99;
				GCC_DYNAMIC_NO_PIC = NO;
				GCC_ENABLE_OBJC_EXCEPTIONS = YES;
				GCC_OPTIMIZATION_LEVEL = 0;
				GCC_PREPROCESSOR_DEFINITIONS = (
					"DEBUG=1",
					"$(inherited)",
				);
				GCC_SYMBOLS_PRIVATE_EXTERN = NO;
				GCC_VERSION = com.apple.compilers.llvm.clang.1_0;
				GCC_WARN_64_TO_32_BIT_CONVERSION = YES;
				GCC_WARN_ABOUT_MISSING_PROTOTYPES = YES;
				GCC_WARN_ABOUT_RETURN_TYPE = YES;
				GCC_WARN_UNUSED_VARIABLE = YES;
				MACOSX_DEPLOYMENT_TARGET = 10.7;
				ONLY_ACTIVE_ARCH = YES;
				SDKROOT = macosx;
			};
			name = Debug;
		};
		FAADBBE714A9CBFE00095399 /* Release */ = {
			isa = XCBuildConfiguration;
			buildSettings = {
				ALWAYS_SEARCH_USER_PATHS = NO;
				ARCHS = "$(ARCHS_STANDARD_64_BIT)";
				COPY_PHASE_STRIP = YES;
				DEBUG_INFORMATION_FORMAT = "dwarf-with-dsym";
				GCC_C_LANGUAGE_STANDARD = gnu99;
				GCC_ENABLE_OBJC_EXCEPTIONS = YES;
				GCC_VERSION = com.apple.compilers.llvm.clang.1_0;
				GCC_WARN_64_TO_32_BIT_CONVERSION = YES;
				GCC_WARN_ABOUT_MISSING_PROTOTYPES = YES;
				GCC_WARN_ABOUT_RETURN_TYPE = YES;
				GCC_WARN_UNUSED_VARIABLE = YES;
				MACOSX_DEPLOYMENT_TARGET = 10.7;
				SDKROOT = macosx;
			};
			name = Release;
		};
		FAADBBE914A9CBFE00095399 /* Debug */ = {
			isa = XCBuildConfiguration;
			buildSettings = {
				GCC_PRECOMPILE_PREFIX_HEADER = YES;
				GCC_PREFIX_HEADER = "BoundTable/BoundTable-Prefix.pch";
				INFOPLIST_FILE = "BoundTable/BoundTable-Info.plist";
				PRODUCT_NAME = "$(TARGET_NAME)";
				WRAPPER_EXTENSION = app;
			};
			name = Debug;
		};
		FAADBBEA14A9CBFE00095399 /* Release */ = {
			isa = XCBuildConfiguration;
			buildSettings = {
				GCC_PRECOMPILE_PREFIX_HEADER = YES;
				GCC_PREFIX_HEADER = "BoundTable/BoundTable-Prefix.pch";
				INFOPLIST_FILE = "BoundTable/BoundTable-Info.plist";
				PRODUCT_NAME = "$(TARGET_NAME)";
				WRAPPER_EXTENSION = app;
			};
			name = Release;
		};
/* End XCBuildConfiguration section */

/* Begin XCConfigurationList section */
		FAADBBC414A9CBFD00095399 /* Build configuration list for PBXProject "BoundTable" */ = {
			isa = XCConfigurationList;
			buildConfigurations = (
				FAADBBE614A9CBFE00095399 /* Debug */,
				FAADBBE714A9CBFE00095399 /* Release */,
			);
			defaultConfigurationIsVisible = 0;
			defaultConfigurationName = Release;
		};
		FAADBBE814A9CBFE00095399 /* Build configuration list for PBXNativeTarget "BoundTable" */ = {
			isa = XCConfigurationList;
			buildConfigurations = (
				FAADBBE914A9CBFE00095399 /* Debug */,
				FAADBBEA14A9CBFE00095399 /* Release */,
			);
			defaultConfigurationIsVisible = 0;
			defaultConfigurationName = Release;
		};
/* End XCConfigurationList section */
	};
	rootObject = FAADBBC114A9CBFD00095399 /* Project object */;
}
